
Microsoft Visual Studio Solution File, Format Version 12.00
# Visual Studio 15
Project("{FAE04EC0-301F-11D3-BF4B-00C04F79EFBC}") = "Mirror", "Mirror.csproj", "{F151DB77-18B8-731C-0617-C711E80E9E0B}"
EndProject
Project("{FAE04EC0-301F-11D3-BF4B-00C04F79EFBC}") = "Mirror.Components", "Mirror.Components.csproj", "{1B6318D4-46DB-E291-668E-58DD0742A252}"
EndProject
Project("{FAE04EC0-301F-11D3-BF4B-00C04F79EFBC}") = "Ninja.WebSockets", "Ninja.WebSockets.csproj", "{C32C5305-4197-3469-DCEB-D358F540D8C5}"
EndProject
Project("{FAE04EC0-301F-11D3-BF4B-00C04F79EFBC}") = "Assembly-CSharp", "Assembly-CSharp.csproj", "{42EED9C9-E66A-5EE4-D76C-DECEE7E21641}"
EndProject
Project("{FAE04EC0-301F-11D3-BF4B-00C04F79EFBC}") = "Mirror.Examples", "Mirror.Examples.csproj", "{B3499EB5-76CA-8C94-A34E-A740F8F39BAD}"
EndProject
Project("{FAE04EC0-301F-11D3-BF4B-00C04F79EFBC}") = "Mirror.Authenticators", "Mirror.Authenticators.csproj", "{F5E178D6-DF91-48F7-0F41-45FFAC369CC2}"
EndProject
Project("{FAE04EC0-301F-11D3-BF4B-00C04F79EFBC}") = "Mirror.Weaver", "Mirror.Weaver.csproj", "{E68BFFD8-65D0-EC92-97F8-0387DBD2BC9D}"
EndProject
Project("{FAE04EC0-301F-11D3-BF4B-00C04F79EFBC}") = "Mirror.Editor", "Mirror.Editor.csproj", "{D73B9FA1-3B33-6ED6-4A19-9AF0815F2DD7}"
EndProject
Project("{FAE04EC0-301F-11D3-BF4B-00C04F79EFBC}") = "Mirror.CompilerSymbols", "Mirror.CompilerSymbols.csproj", "{9FEE4583-DBA8-62FA-6AAB-AD3279F563D7}"
EndProject
Global
	GlobalSection(SolutionConfigurationPlatforms) = preSolution
		Debug|Any CPU = Debug|Any CPU
		Release|Any CPU = Release|Any CPU
	EndGlobalSection
	GlobalSection(ProjectConfigurationPlatforms) = postSolution
		{F151DB77-18B8-731C-0617-C711E80E9E0B}.Debug|Any CPU.ActiveCfg = Debug|Any CPU
		{F151DB77-18B8-731C-0617-C711E80E9E0B}.Debug|Any CPU.Build.0 = Debug|Any CPU
		{F151DB77-18B8-731C-0617-C711E80E9E0B}.Release|Any CPU.ActiveCfg = Release|Any CPU
		{F151DB77-18B8-731C-0617-C711E80E9E0B}.Release|Any CPU.Build.0 = Release|Any CPU
		{1B6318D4-46DB-E291-668E-58DD0742A252}.Debug|Any CPU.ActiveCfg = Debug|Any CPU
		{1B6318D4-46DB-E291-668E-58DD0742A252}.Debug|Any CPU.Build.0 = Debug|Any CPU
		{1B6318D4-46DB-E291-668E-58DD0742A252}.Release|Any CPU.ActiveCfg = Release|Any CPU
		{1B6318D4-46DB-E291-668E-58DD0742A252}.Release|Any CPU.Build.0 = Release|Any CPU
		{C32C5305-4197-3469-DCEB-D358F540D8C5}.Debug|Any CPU.ActiveCfg = Debug|Any CPU
		{C32C5305-4197-3469-DCEB-D358F540D8C5}.Debug|Any CPU.Build.0 = Debug|Any CPU
		{C32C5305-4197-3469-DCEB-D358F540D8C5}.Release|Any CPU.ActiveCfg = Release|Any CPU
		{C32C5305-4197-3469-DCEB-D358F540D8C5}.Release|Any CPU.Build.0 = Release|Any CPU
		{42EED9C9-E66A-5EE4-D76C-DECEE7E21641}.Debug|Any CPU.ActiveCfg = Debug|Any CPU
		{42EED9C9-E66A-5EE4-D76C-DECEE7E21641}.Debug|Any CPU.Build.0 = Debug|Any CPU
		{42EED9C9-E66A-5EE4-D76C-DECEE7E21641}.Release|Any CPU.ActiveCfg = Release|Any CPU
		{42EED9C9-E66A-5EE4-D76C-DECEE7E21641}.Release|Any CPU.Build.0 = Release|Any CPU
		{B3499EB5-76CA-8C94-A34E-A740F8F39BAD}.Debug|Any CPU.ActiveCfg = Debug|Any CPU
		{B3499EB5-76CA-8C94-A34E-A740F8F39BAD}.Debug|Any CPU.Build.0 = Debug|Any CPU
		{B3499EB5-76CA-8C94-A34E-A740F8F39BAD}.Release|Any CPU.ActiveCfg = Release|Any CPU
		{B3499EB5-76CA-8C94-A34E-A740F8F39BAD}.Release|Any CPU.Build.0 = Release|Any CPU
		{F5E178D6-DF91-48F7-0F41-45FFAC369CC2}.Debug|Any CPU.ActiveCfg = Debug|Any CPU
		{F5E178D6-DF91-48F7-0F41-45FFAC369CC2}.Debug|Any CPU.Build.0 = Debug|Any CPU
		{F5E178D6-DF91-48F7-0F41-45FFAC369CC2}.Release|Any CPU.ActiveCfg = Release|Any CPU
		{F5E178D6-DF91-48F7-0F41-45FFAC369CC2}.Release|Any CPU.Build.0 = Release|Any CPU
		{E68BFFD8-65D0-EC92-97F8-0387DBD2BC9D}.Debug|Any CPU.ActiveCfg = Debug|Any CPU
		{E68BFFD8-65D0-EC92-97F8-0387DBD2BC9D}.Debug|Any CPU.Build.0 = Debug|Any CPU
		{E68BFFD8-65D0-EC92-97F8-0387DBD2BC9D}.Release|Any CPU.ActiveCfg = Release|Any CPU
		{E68BFFD8-65D0-EC92-97F8-0387DBD2BC9D}.Release|Any CPU.Build.0 = Release|Any CPU
		{D73B9FA1-3B33-6ED6-4A19-9AF0815F2DD7}.Debug|Any CPU.ActiveCfg = Debug|Any CPU
		{D73B9FA1-3B33-6ED6-4A19-9AF0815F2DD7}.Debug|Any CPU.Build.0 = Debug|Any CPU
		{D73B9FA1-3B33-6ED6-4A19-9AF0815F2DD7}.Release|Any CPU.ActiveCfg = Release|Any CPU
		{D73B9FA1-3B33-6ED6-4A19-9AF0815F2DD7}.Release|Any CPU.Build.0 = Release|Any CPU
		{9FEE4583-DBA8-62FA-6AAB-AD3279F563D7}.Debug|Any CPU.ActiveCfg = Debug|Any CPU
		{9FEE4583-DBA8-62FA-6AAB-AD3279F563D7}.Debug|Any CPU.Build.0 = Debug|Any CPU
		{9FEE4583-DBA8-62FA-6AAB-AD3279F563D7}.Release|Any CPU.ActiveCfg = Release|Any CPU
		{9FEE4583-DBA8-62FA-6AAB-AD3279F563D7}.Release|Any CPU.Build.0 = Release|Any CPU
	EndGlobalSection
	GlobalSection(SolutionProperties) = preSolution
		HideSolutionNode = FALSE
	EndGlobalSection
EndGlobal
